// !$*UTF8*$!
{
	archiveVersion = 1;
	classes = {
	};
	objectVersion = 46;
	objects = {

/* Begin PBXBuildFile section */
		57F73C4F1EAF8AD300FA1A63 /* RealmManager.swift in Sources */ = {isa = PBXBuildFile; fileRef = 57F73C4E1EAF8AD300FA1A63 /* RealmManager.swift */; };
		7450FDE01EA9748C00285863 /* AppDelegate.swift in Sources */ = {isa = PBXBuildFile; fileRef = 7450FDDF1EA9748C00285863 /* AppDelegate.swift */; };
		7450FDE21EA9748C00285863 /* FirstViewController.swift in Sources */ = {isa = PBXBuildFile; fileRef = 7450FDE11EA9748C00285863 /* FirstViewController.swift */; };
		7450FDE41EA9748C00285863 /* SecondViewController.swift in Sources */ = {isa = PBXBuildFile; fileRef = 7450FDE31EA9748C00285863 /* SecondViewController.swift */; };
		7450FDE91EA9748C00285863 /* Assets.xcassets in Resources */ = {isa = PBXBuildFile; fileRef = 7450FDE81EA9748C00285863 /* Assets.xcassets */; };
		7450FDEC1EA9748C00285863 /* LaunchScreen.storyboard in Resources */ = {isa = PBXBuildFile; fileRef = 7450FDEA1EA9748C00285863 /* LaunchScreen.storyboard */; };
		7450FDF41EA9789700285863 /* Realm.framework in Frameworks */ = {isa = PBXBuildFile; fileRef = 7450FDF31EA9789700285863 /* Realm.framework */; };
		7450FDF51EA9789700285863 /* Realm.framework in Embed Frameworks */ = {isa = PBXBuildFile; fileRef = 7450FDF31EA9789700285863 /* Realm.framework */; settings = {ATTRIBUTES = (CodeSignOnCopy, RemoveHeadersOnCopy, ); }; };
		7450FDF81EA978A000285863 /* RealmSwift.framework in Frameworks */ = {isa = PBXBuildFile; fileRef = 7450FDF71EA978A000285863 /* RealmSwift.framework */; };
		7450FDF91EA978A000285863 /* RealmSwift.framework in Embed Frameworks */ = {isa = PBXBuildFile; fileRef = 7450FDF71EA978A000285863 /* RealmSwift.framework */; settings = {ATTRIBUTES = (CodeSignOnCopy, RemoveHeadersOnCopy, ); }; };
		7450FDFB1EAA4CF700285863 /* Tabbar.xcassets in Resources */ = {isa = PBXBuildFile; fileRef = 7450FDFA1EAA4CF700285863 /* Tabbar.xcassets */; };
		7450FDFD1EAA4D3900285863 /* MembersTableViewController.swift in Sources */ = {isa = PBXBuildFile; fileRef = 7450FDFC1EAA4D3900285863 /* MembersTableViewController.swift */; };
		7450FDFF1EAA4D4600285863 /* Main.storyboard in Resources */ = {isa = PBXBuildFile; fileRef = 7450FDFE1EAA4D4600285863 /* Main.storyboard */; };
		7450FE021EAA6CB000285863 /* mount-timpanogos-temple-lds-909852-mobile.jpg in Resources */ = {isa = PBXBuildFile; fileRef = 7450FE011EAA6CB000285863 /* mount-timpanogos-temple-lds-909852-mobile.jpg */; };
		7450FE041EAA6CC800285863 /* mount-timpanogos-temple-lds-885511-mobile.jpg in Resources */ = {isa = PBXBuildFile; fileRef = 7450FE031EAA6CC800285863 /* mount-timpanogos-temple-lds-885511-mobile.jpg */; };
		7450FE061EAA6CD600285863 /* mount-timpanogos-temple-lds-909839-mobile.jpg in Resources */ = {isa = PBXBuildFile; fileRef = 7450FE051EAA6CD600285863 /* mount-timpanogos-temple-lds-909839-mobile.jpg */; };
		7450FE081EAA6CEA00285863 /* mount-timpanogos-temple-766300-mobile.jpg in Resources */ = {isa = PBXBuildFile; fileRef = 7450FE071EAA6CEA00285863 /* mount-timpanogos-temple-766300-mobile.jpg */; };
		7450FE0A1EAD276C00285863 /* ToolsTableViewController.swift in Sources */ = {isa = PBXBuildFile; fileRef = 7450FE091EAD276C00285863 /* ToolsTableViewController.swift */; };
		7450FE0C1EAFA9EC00285863 /* RealmResultsController.framework in Frameworks */ = {isa = PBXBuildFile; fileRef = 7450FE0B1EAFA9EC00285863 /* RealmResultsController.framework */; };
		7450FE0D1EAFA9EC00285863 /* RealmResultsController.framework in Embed Frameworks */ = {isa = PBXBuildFile; fileRef = 7450FE0B1EAFA9EC00285863 /* RealmResultsController.framework */; settings = {ATTRIBUTES = (CodeSignOnCopy, RemoveHeadersOnCopy, ); }; };
/* End PBXBuildFile section */

/* Begin PBXCopyFilesBuildPhase section */
		7450FDF61EA9789700285863 /* Embed Frameworks */ = {
			isa = PBXCopyFilesBuildPhase;
			buildActionMask = 2147483647;
			dstPath = "";
			dstSubfolderSpec = 10;
			files = (
				7450FDF91EA978A000285863 /* RealmSwift.framework in Embed Frameworks */,
				7450FDF51EA9789700285863 /* Realm.framework in Embed Frameworks */,
				7450FE0D1EAFA9EC00285863 /* RealmResultsController.framework in Embed Frameworks */,
			);
			name = "Embed Frameworks";
			runOnlyForDeploymentPostprocessing = 0;
		};
/* End PBXCopyFilesBuildPhase section */

/* Begin PBXFileReference section */
		57F73C4E1EAF8AD300FA1A63 /* RealmManager.swift */ = {isa = PBXFileReference; fileEncoding = 4; lastKnownFileType = sourcecode.swift; path = RealmManager.swift; sourceTree = "<group>"; };
		7450FDDC1EA9748C00285863 /* QuormApp.app */ = {isa = PBXFileReference; explicitFileType = wrapper.application; includeInIndex = 0; path = QuormApp.app; sourceTree = BUILT_PRODUCTS_DIR; };
		7450FDDF1EA9748C00285863 /* AppDelegate.swift */ = {isa = PBXFileReference; lastKnownFileType = sourcecode.swift; path = AppDelegate.swift; sourceTree = "<group>"; };
		7450FDE11EA9748C00285863 /* FirstViewController.swift */ = {isa = PBXFileReference; lastKnownFileType = sourcecode.swift; path = FirstViewController.swift; sourceTree = "<group>"; };
		7450FDE31EA9748C00285863 /* SecondViewController.swift */ = {isa = PBXFileReference; lastKnownFileType = sourcecode.swift; path = SecondViewController.swift; sourceTree = "<group>"; };
		7450FDE81EA9748C00285863 /* Assets.xcassets */ = {isa = PBXFileReference; lastKnownFileType = folder.assetcatalog; path = Assets.xcassets; sourceTree = "<group>"; };
		7450FDEB1EA9748C00285863 /* Base */ = {isa = PBXFileReference; lastKnownFileType = file.storyboard; name = Base; path = Base.lproj/LaunchScreen.storyboard; sourceTree = "<group>"; };
		7450FDED1EA9748C00285863 /* Info.plist */ = {isa = PBXFileReference; lastKnownFileType = text.plist.xml; path = Info.plist; sourceTree = "<group>"; };
		7450FDF31EA9789700285863 /* Realm.framework */ = {isa = PBXFileReference; lastKnownFileType = wrapper.framework; path = Realm.framework; sourceTree = "<group>"; };
		7450FDF71EA978A000285863 /* RealmSwift.framework */ = {isa = PBXFileReference; lastKnownFileType = wrapper.framework; path = RealmSwift.framework; sourceTree = "<group>"; };
		7450FDFA1EAA4CF700285863 /* Tabbar.xcassets */ = {isa = PBXFileReference; lastKnownFileType = folder.assetcatalog; path = Tabbar.xcassets; sourceTree = "<group>"; };
		7450FDFC1EAA4D3900285863 /* MembersTableViewController.swift */ = {isa = PBXFileReference; fileEncoding = 4; lastKnownFileType = sourcecode.swift; path = MembersTableViewController.swift; sourceTree = "<group>"; };
		7450FDFE1EAA4D4600285863 /* Main.storyboard */ = {isa = PBXFileReference; fileEncoding = 4; lastKnownFileType = file.storyboard; path = Main.storyboard; sourceTree = "<group>"; };
		7450FE011EAA6CB000285863 /* mount-timpanogos-temple-lds-909852-mobile.jpg */ = {isa = PBXFileReference; lastKnownFileType = image.jpeg; path = "mount-timpanogos-temple-lds-909852-mobile.jpg"; sourceTree = "<group>"; };
		7450FE031EAA6CC800285863 /* mount-timpanogos-temple-lds-885511-mobile.jpg */ = {isa = PBXFileReference; lastKnownFileType = image.jpeg; path = "mount-timpanogos-temple-lds-885511-mobile.jpg"; sourceTree = "<group>"; };
		7450FE051EAA6CD600285863 /* mount-timpanogos-temple-lds-909839-mobile.jpg */ = {isa = PBXFileReference; lastKnownFileType = image.jpeg; path = "mount-timpanogos-temple-lds-909839-mobile.jpg"; sourceTree = "<group>"; };
		7450FE071EAA6CEA00285863 /* mount-timpanogos-temple-766300-mobile.jpg */ = {isa = PBXFileReference; lastKnownFileType = image.jpeg; path = "mount-timpanogos-temple-766300-mobile.jpg"; sourceTree = "<group>"; };
		7450FE091EAD276C00285863 /* ToolsTableViewController.swift */ = {isa = PBXFileReference; fileEncoding = 4; lastKnownFileType = sourcecode.swift; path = ToolsTableViewController.swift; sourceTree = "<group>"; };
		7450FE0B1EAFA9EC00285863 /* RealmResultsController.framework */ = {isa = PBXFileReference; lastKnownFileType = wrapper.framework; path = RealmResultsController.framework; sourceTree = "<group>"; };
/* End PBXFileReference section */

/* Begin PBXFrameworksBuildPhase section */
		7450FDD91EA9748C00285863 /* Frameworks */ = {
			isa = PBXFrameworksBuildPhase;
			buildActionMask = 2147483647;
			files = (
				7450FDF81EA978A000285863 /* RealmSwift.framework in Frameworks */,
				7450FDF41EA9789700285863 /* Realm.framework in Frameworks */,
				7450FE0C1EAFA9EC00285863 /* RealmResultsController.framework in Frameworks */,
			);
			runOnlyForDeploymentPostprocessing = 0;
		};
/* End PBXFrameworksBuildPhase section */

/* Begin PBXGroup section */
		7450FDD31EA9748C00285863 = {
			isa = PBXGroup;
			children = (
				7450FDDE1EA9748C00285863 /* QuormApp */,
				7450FE001EAA6C8600285863 /* photoImages */,
				7450FE0B1EAFA9EC00285863 /* RealmResultsController.framework */,
				7450FDF71EA978A000285863 /* RealmSwift.framework */,
				7450FDF31EA9789700285863 /* Realm.framework */,
				7450FDDD1EA9748C00285863 /* Products */,
			);
			sourceTree = "<group>";
		};
		7450FDDD1EA9748C00285863 /* Products */ = {
			isa = PBXGroup;
			children = (
				7450FDDC1EA9748C00285863 /* QuormApp.app */,
			);
			name = Products;
			sourceTree = "<group>";
		};
		7450FDDE1EA9748C00285863 /* QuormApp */ = {
			isa = PBXGroup;
			children = (
				7450FDDF1EA9748C00285863 /* AppDelegate.swift */,
				7450FDE11EA9748C00285863 /* FirstViewController.swift */,
				7450FDE31EA9748C00285863 /* SecondViewController.swift */,
				7450FDFC1EAA4D3900285863 /* MembersTableViewController.swift */,
				7450FE091EAD276C00285863 /* ToolsTableViewController.swift */,
				7450FDFE1EAA4D4600285863 /* Main.storyboard */,
				57F73C4E1EAF8AD300FA1A63 /* RealmManager.swift */,
				7450FDE81EA9748C00285863 /* Assets.xcassets */,
				7450FDFA1EAA4CF700285863 /* Tabbar.xcassets */,
				7450FDEA1EA9748C00285863 /* LaunchScreen.storyboard */,
				7450FDED1EA9748C00285863 /* Info.plist */,
			);
			path = QuormApp;
			sourceTree = "<group>";
		};
		7450FE001EAA6C8600285863 /* photoImages */ = {
			isa = PBXGroup;
			children = (
				7450FE011EAA6CB000285863 /* mount-timpanogos-temple-lds-909852-mobile.jpg */,
				7450FE031EAA6CC800285863 /* mount-timpanogos-temple-lds-885511-mobile.jpg */,
				7450FE051EAA6CD600285863 /* mount-timpanogos-temple-lds-909839-mobile.jpg */,
				7450FE071EAA6CEA00285863 /* mount-timpanogos-temple-766300-mobile.jpg */,
			);
			name = photoImages;
			path = QuormApp;
			sourceTree = "<group>";
		};
/* End PBXGroup section */

/* Begin PBXNativeTarget section */
		7450FDDB1EA9748C00285863 /* QuormApp */ = {
			isa = PBXNativeTarget;
			buildConfigurationList = 7450FDF01EA9748C00285863 /* Build configuration list for PBXNativeTarget "QuormApp" */;
			buildPhases = (
				7450FDD81EA9748C00285863 /* Sources */,
				7450FDD91EA9748C00285863 /* Frameworks */,
				7450FDDA1EA9748C00285863 /* Resources */,
				7450FDF61EA9789700285863 /* Embed Frameworks */,
			);
			buildRules = (
			);
			dependencies = (
			);
			name = QuormApp;
			productName = QuormApp;
			productReference = 7450FDDC1EA9748C00285863 /* QuormApp.app */;
			productType = "com.apple.product-type.application";
		};
/* End PBXNativeTarget section */

/* Begin PBXProject section */
		7450FDD41EA9748C00285863 /* Project object */ = {
			isa = PBXProject;
			attributes = {
				LastSwiftUpdateCheck = 0830;
				LastUpgradeCheck = 0830;
				ORGANIZATIONNAME = "Charles Gray";
				TargetAttributes = {
					7450FDDB1EA9748C00285863 = {
						CreatedOnToolsVersion = 8.3.1;
						DevelopmentTeam = 725S94L237;
						ProvisioningStyle = Automatic;
					};
				};
			};
			buildConfigurationList = 7450FDD71EA9748C00285863 /* Build configuration list for PBXProject "QuormApp" */;
			compatibilityVersion = "Xcode 3.2";
			developmentRegion = English;
			hasScannedForEncodings = 0;
			knownRegions = (
				en,
				Base,
			);
			mainGroup = 7450FDD31EA9748C00285863;
			productRefGroup = 7450FDDD1EA9748C00285863 /* Products */;
			projectDirPath = "";
			projectRoot = "";
			targets = (
				7450FDDB1EA9748C00285863 /* QuormApp */,
			);
		};
/* End PBXProject section */

/* Begin PBXResourcesBuildPhase section */
		7450FDDA1EA9748C00285863 /* Resources */ = {
			isa = PBXResourcesBuildPhase;
			buildActionMask = 2147483647;
			files = (
				7450FDEC1EA9748C00285863 /* LaunchScreen.storyboard in Resources */,
				7450FE061EAA6CD600285863 /* mount-timpanogos-temple-lds-909839-mobile.jpg in Resources */,
				7450FDE91EA9748C00285863 /* Assets.xcassets in Resources */,
				7450FDFB1EAA4CF700285863 /* Tabbar.xcassets in Resources */,
				7450FE041EAA6CC800285863 /* mount-timpanogos-temple-lds-885511-mobile.jpg in Resources */,
				7450FE081EAA6CEA00285863 /* mount-timpanogos-temple-766300-mobile.jpg in Resources */,
				7450FE021EAA6CB000285863 /* mount-timpanogos-temple-lds-909852-mobile.jpg in Resources */,
				7450FDFF1EAA4D4600285863 /* Main.storyboard in Resources */,
			);
			runOnlyForDeploymentPostprocessing = 0;
		};
/* End PBXResourcesBuildPhase section */

/* Begin PBXSourcesBuildPhase section */
		7450FDD81EA9748C00285863 /* Sources */ = {
			isa = PBXSourcesBuildPhase;
			buildActionMask = 2147483647;
			files = (
				7450FDE41EA9748C00285863 /* SecondViewController.swift in Sources */,
				7450FDE01EA9748C00285863 /* AppDelegate.swift in Sources */,
				57F73C4F1EAF8AD300FA1A63 /* RealmManager.swift in Sources */,
				7450FDFD1EAA4D3900285863 /* MembersTableViewController.swift in Sources */,
				7450FE0A1EAD276C00285863 /* ToolsTableViewController.swift in Sources */,
				7450FDE21EA9748C00285863 /* FirstViewController.swift in Sources */,
			);
			runOnlyForDeploymentPostprocessing = 0;
		};
/* End PBXSourcesBuildPhase section */

/* Begin PBXVariantGroup section */
		7450FDEA1EA9748C00285863 /* LaunchScreen.storyboard */ = {
			isa = PBXVariantGroup;
			children = (
				7450FDEB1EA9748C00285863 /* Base */,
			);
			name = LaunchScreen.storyboard;
			sourceTree = "<group>";
		};
/* End PBXVariantGroup section */

/* Begin XCBuildConfiguration section */
		7450FDEE1EA9748C00285863 /* Debug */ = {
			isa = XCBuildConfiguration;
			buildSettings = {
				ALWAYS_SEARCH_USER_PATHS = NO;
				CLANG_ANALYZER_NONNULL = YES;
				CLANG_ANALYZER_NUMBER_OBJECT_CONVERSION = YES_AGGRESSIVE;
				CLANG_CXX_LANGUAGE_STANDARD = "gnu++0x";
				CLANG_CXX_LIBRARY = "libc++";
				CLANG_ENABLE_MODULES = YES;
				CLANG_ENABLE_OBJC_ARC = YES;
				CLANG_WARN_BOOL_CONVERSION = YES;
				CLANG_WARN_CONSTANT_CONVERSION = YES;
				CLANG_WARN_DIRECT_OBJC_ISA_USAGE = YES_ERROR;
				CLANG_WARN_DOCUMENTATION_COMMENTS = YES;
				CLANG_WARN_EMPTY_BODY = YES;
				CLANG_WARN_ENUM_CONVERSION = YES;
				CLANG_WARN_INFINITE_RECURSION = YES;
				CLANG_WARN_INT_CONVERSION = YES;
				CLANG_WARN_OBJC_ROOT_CLASS = YES_ERROR;
				CLANG_WARN_SUSPICIOUS_MOVE = YES;
				CLANG_WARN_UNREACHABLE_CODE = YES;
				CLANG_WARN__DUPLICATE_METHOD_MATCH = YES;
				"CODE_SIGN_IDENTITY[sdk=iphoneos*]" = "iPhone Developer";
				COPY_PHASE_STRIP = NO;
				DEBUG_INFORMATION_FORMAT = dwarf;
				ENABLE_STRICT_OBJC_MSGSEND = YES;
				ENABLE_TESTABILITY = YES;
				GCC_C_LANGUAGE_STANDARD = gnu99;
				GCC_DYNAMIC_NO_PIC = NO;
				GCC_NO_COMMON_BLOCKS = YES;
				GCC_OPTIMIZATION_LEVEL = 0;
				GCC_PREPROCESSOR_DEFINITIONS = (
					"DEBUG=1",
					"$(inherited)",
				);
				GCC_WARN_64_TO_32_BIT_CONVERSION = YES;
				GCC_WARN_ABOUT_RETURN_TYPE = YES_ERROR;
				GCC_WARN_UNDECLARED_SELECTOR = YES;
				GCC_WARN_UNINITIALIZED_AUTOS = YES_AGGRESSIVE;
				GCC_WARN_UNUSED_FUNCTION = YES;
				GCC_WARN_UNUSED_VARIABLE = YES;
				IPHONEOS_DEPLOYMENT_TARGET = 10.3;
				MTL_ENABLE_DEBUG_INFO = YES;
				ONLY_ACTIVE_ARCH = YES;
				SDKROOT = iphoneos;
				SWIFT_ACTIVE_COMPILATION_CONDITIONS = DEBUG;
				SWIFT_OPTIMIZATION_LEVEL = "-Onone";
				TARGETED_DEVICE_FAMILY = "1,2";
			};
			name = Debug;
		};
		7450FDEF1EA9748C00285863 /* Release */ = {
			isa = XCBuildConfiguration;
			buildSettings = {
				ALWAYS_SEARCH_USER_PATHS = NO;
				CLANG_ANALYZER_NONNULL = YES;
				CLANG_ANALYZER_NUMBER_OBJECT_CONVERSION = YES_AGGRESSIVE;
				CLANG_CXX_LANGUAGE_STANDARD = "gnu++0x";
				CLANG_CXX_LIBRARY = "libc++";
				CLANG_ENABLE_MODULES = YES;
				CLANG_ENABLE_OBJC_ARC = YES;
				CLANG_WARN_BOOL_CONVERSION = YES;
				CLANG_WARN_CONSTANT_CONVERSION = YES;
				CLANG_WARN_DIRECT_OBJC_ISA_USAGE = YES_ERROR;
				CLANG_WARN_DOCUMENTATION_COMMENTS = YES;
				CLANG_WARN_EMPTY_BODY = YES;
				CLANG_WARN_ENUM_CONVERSION = YES;
				CLANG_WARN_INFINITE_RECURSION = YES;
				CLANG_WARN_INT_CONVERSION = YES;
				CLANG_WARN_OBJC_ROOT_CLASS = YES_ERROR;
				CLANG_WARN_SUSPICIOUS_MOVE = YES;
				CLANG_WARN_UNREACHABLE_CODE = YES;
				CLANG_WARN__DUPLICATE_METHOD_MATCH = YES;
				"CODE_SIGN_IDENTITY[sdk=iphoneos*]" = "iPhone Developer";
				COPY_PHASE_STRIP = NO;
				DEBUG_INFORMATION_FORMAT = "dwarf-with-dsym";
				ENABLE_NS_ASSERTIONS = NO;
				ENABLE_STRICT_OBJC_MSGSEND = YES;
				GCC_C_LANGUAGE_STANDARD = gnu99;
				GCC_NO_COMMON_BLOCKS = YES;
				GCC_WARN_64_TO_32_BIT_CONVERSION = YES;
				GCC_WARN_ABOUT_RETURN_TYPE = YES_ERROR;
				GCC_WARN_UNDECLARED_SELECTOR = YES;
				GCC_WARN_UNINITIALIZED_AUTOS = YES_AGGRESSIVE;
				GCC_WARN_UNUSED_FUNCTION = YES;
				GCC_WARN_UNUSED_VARIABLE = YES;
				IPHONEOS_DEPLOYMENT_TARGET = 10.3;
				MTL_ENABLE_DEBUG_INFO = NO;
				SDKROOT = iphoneos;
				SWIFT_OPTIMIZATION_LEVEL = "-Owholemodule";
				TARGETED_DEVICE_FAMILY = "1,2";
				VALIDATE_PRODUCT = YES;
			};
			name = Release;
		};
		7450FDF11EA9748C00285863 /* Debug */ = {
			isa = XCBuildConfiguration;
			buildSettings = {
				ASSETCATALOG_COMPILER_APPICON_NAME = AppIcon;
				DEVELOPMENT_TEAM = 725S94L237;
				FRAMEWORK_SEARCH_PATHS = (
					"$(inherited)",
					"$(PROJECT_DIR)",
				);
				INFOPLIST_FILE = QuormApp/Info.plist;
				LD_RUNPATH_SEARCH_PATHS = "$(inherited) @executable_path/Frameworks";
				PRODUCT_BUNDLE_IDENTIFIER = GrayTcreations.QuormApp;
				PRODUCT_NAME = "$(TARGET_NAME)";
				SWIFT_VERSION = 3.0;
			};
			name = Debug;
		};
		7450FDF21EA9748C00285863 /* Release */ = {
			isa = XCBuildConfiguration;
			buildSettings = {
				ASSETCATALOG_COMPILER_APPICON_NAME = AppIcon;
				DEVELOPMENT_TEAM = 725S94L237;
				FRAMEWORK_SEARCH_PATHS = (
					"$(inherited)",
					"$(PROJECT_DIR)",
				);
				INFOPLIST_FILE = QuormApp/Info.plist;
				LD_RUNPATH_SEARCH_PATHS = "$(inherited) @executable_path/Frameworks";
				PRODUCT_BUNDLE_IDENTIFIER = GrayTcreations.QuormApp;
				PRODUCT_NAME = "$(TARGET_NAME)";
				SWIFT_VERSION = 3.0;
			};
			name = Release;
		};
/* End XCBuildConfiguration section */

/* Begin XCConfigurationList section */
		7450FDD71EA9748C00285863 /* Build configuration list for PBXProject "QuormApp" */ = {
			isa = XCConfigurationList;
			buildConfigurations = (
				7450FDEE1EA9748C00285863 /* Debug */,
				7450FDEF1EA9748C00285863 /* Release */,
			);
			defaultConfigurationIsVisible = 0;
			defaultConfigurationName = Release;
		};
		7450FDF01EA9748C00285863 /* Build configuration list for PBXNativeTarget "QuormApp" */ = {
			isa = XCConfigurationList;
			buildConfigurations = (
				7450FDF11EA9748C00285863 /* Debug */,
				7450FDF21EA9748C00285863 /* Release */,
			);
			defaultConfigurationIsVisible = 0;
			defaultConfigurationName = Release;
		};
/* End XCConfigurationList section */
	};
	rootObject = 7450FDD41EA9748C00285863 /* Project object */;
}
